// !$*UTF8*$!
{
	archiveVersion = 1;
	classes = {
	};
	objectVersion = 46;
	objects = {

/* Begin PBXBuildFile section */
		6AB588641EBFA0FC00B1DBB9 /* AppDelegate.swift in Sources */ = {isa = PBXBuildFile; fileRef = 6AB588631EBFA0FC00B1DBB9 /* AppDelegate.swift */; };
		6AB588691EBFA0FC00B1DBB9 /* Main.storyboard in Resources */ = {isa = PBXBuildFile; fileRef = 6AB588671EBFA0FC00B1DBB9 /* Main.storyboard */; };
		6AB5886B1EBFA0FC00B1DBB9 /* Assets.xcassets in Resources */ = {isa = PBXBuildFile; fileRef = 6AB5886A1EBFA0FC00B1DBB9 /* Assets.xcassets */; };
		6AB5886E1EBFA0FC00B1DBB9 /* LaunchScreen.storyboard in Resources */ = {isa = PBXBuildFile; fileRef = 6AB5886C1EBFA0FC00B1DBB9 /* LaunchScreen.storyboard */; };
		6AB588791EBFA0FC00B1DBB9 /* Tip_calculatorTests.swift in Sources */ = {isa = PBXBuildFile; fileRef = 6AB588781EBFA0FC00B1DBB9 /* Tip_calculatorTests.swift */; };
		6AB588841EBFA0FC00B1DBB9 /* Tip_calculatorUITests.swift in Sources */ = {isa = PBXBuildFile; fileRef = 6AB588831EBFA0FC00B1DBB9 /* Tip_calculatorUITests.swift */; };
		6AB588921EBFA29B00B1DBB9 /* MainVC.swift in Sources */ = {isa = PBXBuildFile; fileRef = 6AB588911EBFA29B00B1DBB9 /* MainVC.swift */; };
/* End PBXBuildFile section */

/* Begin PBXContainerItemProxy section */
		6AB588751EBFA0FC00B1DBB9 /* PBXContainerItemProxy */ = {
			isa = PBXContainerItemProxy;
			containerPortal = 6AB588581EBFA0FC00B1DBB9 /* Project object */;
			proxyType = 1;
			remoteGlobalIDString = 6AB5885F1EBFA0FC00B1DBB9;
			remoteInfo = "Tip calculator";
		};
		6AB588801EBFA0FC00B1DBB9 /* PBXContainerItemProxy */ = {
			isa = PBXContainerItemProxy;
			containerPortal = 6AB588581EBFA0FC00B1DBB9 /* Project object */;
			proxyType = 1;
			remoteGlobalIDString = 6AB5885F1EBFA0FC00B1DBB9;
			remoteInfo = "Tip calculator";
		};
/* End PBXContainerItemProxy section */

/* Begin PBXFileReference section */
		6AB588601EBFA0FC00B1DBB9 /* Tip calculator.app */ = {isa = PBXFileReference; explicitFileType = wrapper.application; includeInIndex = 0; path = "Tip calculator.app"; sourceTree = BUILT_PRODUCTS_DIR; };
		6AB588631EBFA0FC00B1DBB9 /* AppDelegate.swift */ = {isa = PBXFileReference; lastKnownFileType = sourcecode.swift; path = AppDelegate.swift; sourceTree = "<group>"; };
		6AB588681EBFA0FC00B1DBB9 /* Base */ = {isa = PBXFileReference; lastKnownFileType = file.storyboard; name = Base; path = Base.lproj/Main.storyboard; sourceTree = "<group>"; };
		6AB5886A1EBFA0FC00B1DBB9 /* Assets.xcassets */ = {isa = PBXFileReference; lastKnownFileType = folder.assetcatalog; path = Assets.xcassets; sourceTree = "<group>"; };
		6AB5886D1EBFA0FC00B1DBB9 /* Base */ = {isa = PBXFileReference; lastKnownFileType = file.storyboard; name = Base; path = Base.lproj/LaunchScreen.storyboard; sourceTree = "<group>"; };
		6AB5886F1EBFA0FC00B1DBB9 /* Info.plist */ = {isa = PBXFileReference; lastKnownFileType = text.plist.xml; path = Info.plist; sourceTree = "<group>"; };
		6AB588741EBFA0FC00B1DBB9 /* Tip calculatorTests.xctest */ = {isa = PBXFileReference; explicitFileType = wrapper.cfbundle; includeInIndex = 0; path = "Tip calculatorTests.xctest"; sourceTree = BUILT_PRODUCTS_DIR; };
		6AB588781EBFA0FC00B1DBB9 /* Tip_calculatorTests.swift */ = {isa = PBXFileReference; lastKnownFileType = sourcecode.swift; path = Tip_calculatorTests.swift; sourceTree = "<group>"; };
		6AB5887A1EBFA0FC00B1DBB9 /* Info.plist */ = {isa = PBXFileReference; lastKnownFileType = text.plist.xml; path = Info.plist; sourceTree = "<group>"; };
		6AB5887F1EBFA0FC00B1DBB9 /* Tip calculatorUITests.xctest */ = {isa = PBXFileReference; explicitFileType = wrapper.cfbundle; includeInIndex = 0; path = "Tip calculatorUITests.xctest"; sourceTree = BUILT_PRODUCTS_DIR; };
		6AB588831EBFA0FC00B1DBB9 /* Tip_calculatorUITests.swift */ = {isa = PBXFileReference; lastKnownFileType = sourcecode.swift; path = Tip_calculatorUITests.swift; sourceTree = "<group>"; };
		6AB588851EBFA0FC00B1DBB9 /* Info.plist */ = {isa = PBXFileReference; lastKnownFileType = text.plist.xml; path = Info.plist; sourceTree = "<group>"; };
		6AB588911EBFA29B00B1DBB9 /* MainVC.swift */ = {isa = PBXFileReference; fileEncoding = 4; lastKnownFileType = sourcecode.swift; path = MainVC.swift; sourceTree = "<group>"; };
/* End PBXFileReference section */

/* Begin PBXFrameworksBuildPhase section */
		6AB5885D1EBFA0FC00B1DBB9 /* Frameworks */ = {
			isa = PBXFrameworksBuildPhase;
			buildActionMask = 2147483647;
			files = (
			);
			runOnlyForDeploymentPostprocessing = 0;
		};
		6AB588711EBFA0FC00B1DBB9 /* Frameworks */ = {
			isa = PBXFrameworksBuildPhase;
			buildActionMask = 2147483647;
			files = (
			);
			runOnlyForDeploymentPostprocessing = 0;
		};
		6AB5887C1EBFA0FC00B1DBB9 /* Frameworks */ = {
			isa = PBXFrameworksBuildPhase;
			buildActionMask = 2147483647;
			files = (
			);
			runOnlyForDeploymentPostprocessing = 0;
		};
/* End PBXFrameworksBuildPhase section */

/* Begin PBXGroup section */
		6AB588571EBFA0FC00B1DBB9 = {
			isa = PBXGroup;
			children = (
				6AB588621EBFA0FC00B1DBB9 /* Tip calculator */,
				6AB588771EBFA0FC00B1DBB9 /* Tip calculatorTests */,
				6AB588821EBFA0FC00B1DBB9 /* Tip calculatorUITests */,
				6AB588611EBFA0FC00B1DBB9 /* Products */,
			);
			sourceTree = "<group>";
		};
		6AB588611EBFA0FC00B1DBB9 /* Products */ = {
			isa = PBXGroup;
			children = (
				6AB588601EBFA0FC00B1DBB9 /* Tip calculator.app */,
				6AB588741EBFA0FC00B1DBB9 /* Tip calculatorTests.xctest */,
				6AB5887F1EBFA0FC00B1DBB9 /* Tip calculatorUITests.xctest */,
			);
			name = Products;
			sourceTree = "<group>";
		};
		6AB588621EBFA0FC00B1DBB9 /* Tip calculator */ = {
			isa = PBXGroup;
			children = (
				6AB588631EBFA0FC00B1DBB9 /* AppDelegate.swift */,
				6AB588911EBFA29B00B1DBB9 /* MainVC.swift */,
				6AB588671EBFA0FC00B1DBB9 /* Main.storyboard */,
				6AB5886A1EBFA0FC00B1DBB9 /* Assets.xcassets */,
				6AB5886C1EBFA0FC00B1DBB9 /* LaunchScreen.storyboard */,
				6AB5886F1EBFA0FC00B1DBB9 /* Info.plist */,
			);
			path = "Tip calculator";
			sourceTree = "<group>";
		};
		6AB588771EBFA0FC00B1DBB9 /* Tip calculatorTests */ = {
			isa = PBXGroup;
			children = (
				6AB588781EBFA0FC00B1DBB9 /* Tip_calculatorTests.swift */,
				6AB5887A1EBFA0FC00B1DBB9 /* Info.plist */,
			);
			path = "Tip calculatorTests";
			sourceTree = "<group>";
		};
		6AB588821EBFA0FC00B1DBB9 /* Tip calculatorUITests */ = {
			isa = PBXGroup;
			children = (
				6AB588831EBFA0FC00B1DBB9 /* Tip_calculatorUITests.swift */,
				6AB588851EBFA0FC00B1DBB9 /* Info.plist */,
			);
			path = "Tip calculatorUITests";
			sourceTree = "<group>";
		};
/* End PBXGroup section */

/* Begin PBXNativeTarget section */
		6AB5885F1EBFA0FC00B1DBB9 /* Tip calculator */ = {
			isa = PBXNativeTarget;
			buildConfigurationList = 6AB588881EBFA0FC00B1DBB9 /* Build configuration list for PBXNativeTarget "Tip calculator" */;
			buildPhases = (
				6AB5885C1EBFA0FC00B1DBB9 /* Sources */,
				6AB5885D1EBFA0FC00B1DBB9 /* Frameworks */,
				6AB5885E1EBFA0FC00B1DBB9 /* Resources */,
			);
			buildRules = (
			);
			dependencies = (
			);
			name = "Tip calculator";
			productName = "Tip calculator";
			productReference = 6AB588601EBFA0FC00B1DBB9 /* Tip calculator.app */;
			productType = "com.apple.product-type.application";
		};
		6AB588731EBFA0FC00B1DBB9 /* Tip calculatorTests */ = {
			isa = PBXNativeTarget;
			buildConfigurationList = 6AB5888B1EBFA0FC00B1DBB9 /* Build configuration list for PBXNativeTarget "Tip calculatorTests" */;
			buildPhases = (
				6AB588701EBFA0FC00B1DBB9 /* Sources */,
				6AB588711EBFA0FC00B1DBB9 /* Frameworks */,
				6AB588721EBFA0FC00B1DBB9 /* Resources */,
			);
			buildRules = (
			);
			dependencies = (
				6AB588761EBFA0FC00B1DBB9 /* PBXTargetDependency */,
			);
			name = "Tip calculatorTests";
			productName = "Tip calculatorTests";
			productReference = 6AB588741EBFA0FC00B1DBB9 /* Tip calculatorTests.xctest */;
			productType = "com.apple.product-type.bundle.unit-test";
		};
		6AB5887E1EBFA0FC00B1DBB9 /* Tip calculatorUITests */ = {
			isa = PBXNativeTarget;
			buildConfigurationList = 6AB5888E1EBFA0FC00B1DBB9 /* Build configuration list for PBXNativeTarget "Tip calculatorUITests" */;
			buildPhases = (
				6AB5887B1EBFA0FC00B1DBB9 /* Sources */,
				6AB5887C1EBFA0FC00B1DBB9 /* Frameworks */,
				6AB5887D1EBFA0FC00B1DBB9 /* Resources */,
			);
			buildRules = (
			);
			dependencies = (
				6AB588811EBFA0FC00B1DBB9 /* PBXTargetDependency */,
			);
			name = "Tip calculatorUITests";
			productName = "Tip calculatorUITests";
			productReference = 6AB5887F1EBFA0FC00B1DBB9 /* Tip calculatorUITests.xctest */;
			productType = "com.apple.product-type.bundle.ui-testing";
		};
/* End PBXNativeTarget section */

/* Begin PBXProject section */
		6AB588581EBFA0FC00B1DBB9 /* Project object */ = {
			isa = PBXProject;
			attributes = {
				LastSwiftUpdateCheck = 0730;
				LastUpgradeCheck = 0730;
				ORGANIZATIONNAME = "akhil mantha";
				TargetAttributes = {
					6AB5885F1EBFA0FC00B1DBB9 = {
						CreatedOnToolsVersion = 7.3.1;
						DevelopmentTeam = C6Y7K2ZF65;
					};
					6AB588731EBFA0FC00B1DBB9 = {
						CreatedOnToolsVersion = 7.3.1;
						DevelopmentTeam = C6Y7K2ZF65;
						TestTargetID = 6AB5885F1EBFA0FC00B1DBB9;
					};
					6AB5887E1EBFA0FC00B1DBB9 = {
						CreatedOnToolsVersion = 7.3.1;
						DevelopmentTeam = C6Y7K2ZF65;
						TestTargetID = 6AB5885F1EBFA0FC00B1DBB9;
					};
				};
			};
			buildConfigurationList = 6AB5885B1EBFA0FC00B1DBB9 /* Build configuration list for PBXProject "Tip calculator" */;
			compatibilityVersion = "Xcode 3.2";
			developmentRegion = English;
			hasScannedForEncodings = 0;
			knownRegions = (
				en,
				Base,
			);
			mainGroup = 6AB588571EBFA0FC00B1DBB9;
			productRefGroup = 6AB588611EBFA0FC00B1DBB9 /* Products */;
			projectDirPath = "";
			projectRoot = "";
			targets = (
				6AB5885F1EBFA0FC00B1DBB9 /* Tip calculator */,
				6AB588731EBFA0FC00B1DBB9 /* Tip calculatorTests */,
				6AB5887E1EBFA0FC00B1DBB9 /* Tip calculatorUITests */,
			);
		};
/* End PBXProject section */

/* Begin PBXResourcesBuildPhase section */
		6AB5885E1EBFA0FC00B1DBB9 /* Resources */ = {
			isa = PBXResourcesBuildPhase;
			buildActionMask = 2147483647;
			files = (
				6AB5886E1EBFA0FC00B1DBB9 /* LaunchScreen.storyboard in Resources */,
				6AB5886B1EBFA0FC00B1DBB9 /* Assets.xcassets in Resources */,
				6AB588691EBFA0FC00B1DBB9 /* Main.storyboard in Resources */,
			);
			runOnlyForDeploymentPostprocessing = 0;
		};
		6AB588721EBFA0FC00B1DBB9 /* Resources */ = {
			isa = PBXResourcesBuildPhase;
			buildActionMask = 2147483647;
			files = (
			);
			runOnlyForDeploymentPostprocessing = 0;
		};
		6AB5887D1EBFA0FC00B1DBB9 /* Resources */ = {
			isa = PBXResourcesBuildPhase;
			buildActionMask = 2147483647;
			files = (
			);
			runOnlyForDeploymentPostprocessing = 0;
		};
/* End PBXResourcesBuildPhase section */

/* Begin PBXSourcesBuildPhase section */
		6AB5885C1EBFA0FC00B1DBB9 /* Sources */ = {
			isa = PBXSourcesBuildPhase;
			buildActionMask = 2147483647;
			files = (
				6AB588641EBFA0FC00B1DBB9 /* AppDelegate.swift in Sources */,
				6AB588921EBFA29B00B1DBB9 /* MainVC.swift in Sources */,
			);
			runOnlyForDeploymentPostprocessing = 0;
		};
		6AB588701EBFA0FC00B1DBB9 /* Sources */ = {
			isa = PBXSourcesBuildPhase;
			buildActionMask = 2147483647;
			files = (
				6AB588791EBFA0FC00B1DBB9 /* Tip_calculatorTests.swift in Sources */,
			);
			runOnlyForDeploymentPostprocessing = 0;
		};
		6AB5887B1EBFA0FC00B1DBB9 /* Sources */ = {
			isa = PBXSourcesBuildPhase;
			buildActionMask = 2147483647;
			files = (
				6AB588841EBFA0FC00B1DBB9 /* Tip_calculatorUITests.swift in Sources */,
			);
			runOnlyForDeploymentPostprocessing = 0;
		};
/* End PBXSourcesBuildPhase section */

/* Begin PBXTargetDependency section */
		6AB588761EBFA0FC00B1DBB9 /* PBXTargetDependency */ = {
			isa = PBXTargetDependency;
			target = 6AB5885F1EBFA0FC00B1DBB9 /* Tip calculator */;
			targetProxy = 6AB588751EBFA0FC00B1DBB9 /* PBXContainerItemProxy */;
		};
		6AB588811EBFA0FC00B1DBB9 /* PBXTargetDependency */ = {
			isa = PBXTargetDependency;
			target = 6AB5885F1EBFA0FC00B1DBB9 /* Tip calculator */;
			targetProxy = 6AB588801EBFA0FC00B1DBB9 /* PBXContainerItemProxy */;
		};
/* End PBXTargetDependency section */

/* Begin PBXVariantGroup section */
		6AB588671EBFA0FC00B1DBB9 /* Main.storyboard */ = {
			isa = PBXVariantGroup;
			children = (
				6AB588681EBFA0FC00B1DBB9 /* Base */,
			);
			name = Main.storyboard;
			sourceTree = "<group>";
		};
		6AB5886C1EBFA0FC00B1DBB9 /* LaunchScreen.storyboard */ = {
			isa = PBXVariantGroup;
			children = (
				6AB5886D1EBFA0FC00B1DBB9 /* Base */,
			);
			name = LaunchScreen.storyboard;
			sourceTree = "<group>";
		};
/* End PBXVariantGroup section */

/* Begin XCBuildConfiguration section */
		6AB588861EBFA0FC00B1DBB9 /* Debug */ = {
			isa = XCBuildConfiguration;
			buildSettings = {
				ALWAYS_SEARCH_USER_PATHS = NO;
				CLANG_ANALYZER_NONNULL = YES;
				CLANG_CXX_LANGUAGE_STANDARD = "gnu++0x";
				CLANG_CXX_LIBRARY = "libc++";
				CLANG_ENABLE_MODULES = YES;
				CLANG_ENABLE_OBJC_ARC = YES;
				CLANG_WARN_BOOL_CONVERSION = YES;
				CLANG_WARN_CONSTANT_CONVERSION = YES;
				CLANG_WARN_DIRECT_OBJC_ISA_USAGE = YES_ERROR;
				CLANG_WARN_EMPTY_BODY = YES;
				CLANG_WARN_ENUM_CONVERSION = YES;
				CLANG_WARN_INT_CONVERSION = YES;
				CLANG_WARN_OBJC_ROOT_CLASS = YES_ERROR;
				CLANG_WARN_UNREACHABLE_CODE = YES;
				CLANG_WARN__DUPLICATE_METHOD_MATCH = YES;
				"CODE_SIGN_IDENTITY[sdk=iphoneos*]" = "iPhone Developer";
				COPY_PHASE_STRIP = NO;
				DEBUG_INFORMATION_FORMAT = dwarf;
				ENABLE_STRICT_OBJC_MSGSEND = YES;
				ENABLE_TESTABILITY = YES;
				GCC_C_LANGUAGE_STANDARD = gnu99;
				GCC_DYNAMIC_NO_PIC = NO;
				GCC_NO_COMMON_BLOCKS = YES;
				GCC_OPTIMIZATION_LEVEL = 0;
				GCC_PREPROCESSOR_DEFINITIONS = (
					"DEBUG=1",
					"$(inherited)",
				);
				GCC_WARN_64_TO_32_BIT_CONVERSION = YES;
				GCC_WARN_ABOUT_RETURN_TYPE = YES_ERROR;
				GCC_WARN_UNDECLARED_SELECTOR = YES;
				GCC_WARN_UNINITIALIZED_AUTOS = YES_AGGRESSIVE;
				GCC_WARN_UNUSED_FUNCTION = YES;
				GCC_WARN_UNUSED_VARIABLE = YES;
				IPHONEOS_DEPLOYMENT_TARGET = 9.3;
				MTL_ENABLE_DEBUG_INFO = YES;
				ONLY_ACTIVE_ARCH = YES;
				SDKROOT = iphoneos;
				SWIFT_OPTIMIZATION_LEVEL = "-Onone";
				TARGETED_DEVICE_FAMILY = "1,2";
			};
			name = Debug;
		};
		6AB588871EBFA0FC00B1DBB9 /* Release */ = {
			isa = XCBuildConfiguration;
			buildSettings = {
				ALWAYS_SEARCH_USER_PATHS = NO;
				CLANG_ANALYZER_NONNULL = YES;
				CLANG_CXX_LANGUAGE_STANDARD = "gnu++0x";
				CLANG_CXX_LIBRARY = "libc++";
				CLANG_ENABLE_MODULES = YES;
				CLANG_ENABLE_OBJC_ARC = YES;
				CLANG_WARN_BOOL_CONVERSION = YES;
				CLANG_WARN_CONSTANT_CONVERSION = YES;
				CLANG_WARN_DIRECT_OBJC_ISA_USAGE = YES_ERROR;
				CLANG_WARN_EMPTY_BODY = YES;
				CLANG_WARN_ENUM_CONVERSION = YES;
				CLANG_WARN_INT_CONVERSION = YES;
				CLANG_WARN_OBJC_ROOT_CLASS = YES_ERROR;
				CLANG_WARN_UNREACHABLE_CODE = YES;
				CLANG_WARN__DUPLICATE_METHOD_MATCH = YES;
				"CODE_SIGN_IDENTITY[sdk=iphoneos*]" = "iPhone Developer";
				COPY_PHASE_STRIP = NO;
				DEBUG_INFORMATION_FORMAT = "dwarf-with-dsym";
				ENABLE_NS_ASSERTIONS = NO;
				ENABLE_STRICT_OBJC_MSGSEND = YES;
				GCC_C_LANGUAGE_STANDARD = gnu99;
				GCC_NO_COMMON_BLOCKS = YES;
				GCC_WARN_64_TO_32_BIT_CONVERSION = YES;
				GCC_WARN_ABOUT_RETURN_TYPE = YES_ERROR;
				GCC_WARN_UNDECLARED_SELECTOR = YES;
				GCC_WARN_UNINITIALIZED_AUTOS = YES_AGGRESSIVE;
				GCC_WARN_UNUSED_FUNCTION = YES;
				GCC_WARN_UNUSED_VARIABLE = YES;
				IPHONEOS_DEPLOYMENT_TARGET = 9.3;
				MTL_ENABLE_DEBUG_INFO = NO;
				SDKROOT = iphoneos;
				TARGETED_DEVICE_FAMILY = "1,2";
				VALIDATE_PRODUCT = YES;
			};
			name = Release;
		};
		6AB588891EBFA0FC00B1DBB9 /* Debug */ = {
			isa = XCBuildConfiguration;
			buildSettings = {
				ASSETCATALOG_COMPILER_APPICON_NAME = AppIcon;
				INFOPLIST_FILE = "Tip calculator/Info.plist";
				LD_RUNPATH_SEARCH_PATHS = "$(inherited) @executable_path/Frameworks";
				PRODUCT_BUNDLE_IDENTIFIER = "ASKDN.Tip-calculator";
				PRODUCT_NAME = "$(TARGET_NAME)";
			};
			name = Debug;
		};
		6AB5888A1EBFA0FC00B1DBB9 /* Release */ = {
			isa = XCBuildConfiguration;
			buildSettings = {
				ASSETCATALOG_COMPILER_APPICON_NAME = AppIcon;
				INFOPLIST_FILE = "Tip calculator/Info.plist";
				LD_RUNPATH_SEARCH_PATHS = "$(inherited) @executable_path/Frameworks";
				PRODUCT_BUNDLE_IDENTIFIER = "ASKDN.Tip-calculator";
				PRODUCT_NAME = "$(TARGET_NAME)";
			};
			name = Release;
		};
		6AB5888C1EBFA0FC00B1DBB9 /* Debug */ = {
			isa = XCBuildConfiguration;
			buildSettings = {
				BUNDLE_LOADER = "$(TEST_HOST)";
				INFOPLIST_FILE = "Tip calculatorTests/Info.plist";
				LD_RUNPATH_SEARCH_PATHS = "$(inherited) @executable_path/Frameworks @loader_path/Frameworks";
				PRODUCT_BUNDLE_IDENTIFIER = "ASKDN.Tip-calculatorTests";
				PRODUCT_NAME = "$(TARGET_NAME)";
				TEST_HOST = "$(BUILT_PRODUCTS_DIR)/Tip calculator.app/Tip calculator";
			};
			name = Debug;
		};
		6AB5888D1EBFA0FC00B1DBB9 /* Release */ = {
			isa = XCBuildConfiguration;
			buildSettings = {
				BUNDLE_LOADER = "$(TEST_HOST)";
				INFOPLIST_FILE = "Tip calculatorTests/Info.plist";
				LD_RUNPATH_SEARCH_PATHS = "$(inherited) @executable_path/Frameworks @loader_path/Frameworks";
				PRODUCT_BUNDLE_IDENTIFIER = "ASKDN.Tip-calculatorTests";
				PRODUCT_NAME = "$(TARGET_NAME)";
				TEST_HOST = "$(BUILT_PRODUCTS_DIR)/Tip calculator.app/Tip calculator";
			};
			name = Release;
		};
		6AB5888F1EBFA0FC00B1DBB9 /* Debug */ = {
			isa = XCBuildConfiguration;
			buildSettings = {
				INFOPLIST_FILE = "Tip calculatorUITests/Info.plist";
				LD_RUNPATH_SEARCH_PATHS = "$(inherited) @executable_path/Frameworks @loader_path/Frameworks";
				PRODUCT_BUNDLE_IDENTIFIER = "ASKDN.Tip-calculatorUITests";
				PRODUCT_NAME = "$(TARGET_NAME)";
				TEST_TARGET_NAME = "Tip calculator";
			};
			name = Debug;
		};
		6AB588901EBFA0FC00B1DBB9 /* Release */ = {
			isa = XCBuildConfiguration;
			buildSettings = {
				INFOPLIST_FILE = "Tip calculatorUITests/Info.plist";
				LD_RUNPATH_SEARCH_PATHS = "$(inherited) @executable_path/Frameworks @loader_path/Frameworks";
				PRODUCT_BUNDLE_IDENTIFIER = "ASKDN.Tip-calculatorUITests";
				PRODUCT_NAME = "$(TARGET_NAME)";
				TEST_TARGET_NAME = "Tip calculator";
			};
			name = Release;
		};
/* End XCBuildConfiguration section */

/* Begin XCConfigurationList section */
		6AB5885B1EBFA0FC00B1DBB9 /* Build configuration list for PBXProject "Tip calculator" */ = {
			isa = XCConfigurationList;
			buildConfigurations = (
				6AB588861EBFA0FC00B1DBB9 /* Debug */,
				6AB588871EBFA0FC00B1DBB9 /* Release */,
			);
			defaultConfigurationIsVisible = 0;
			defaultConfigurationName = Release;
		};
		6AB588881EBFA0FC00B1DBB9 /* Build configuration list for PBXNativeTarget "Tip calculator" */ = {
			isa = XCConfigurationList;
			buildConfigurations = (
				6AB588891EBFA0FC00B1DBB9 /* Debug */,
				6AB5888A1EBFA0FC00B1DBB9 /* Release */,
			);
			defaultConfigurationIsVisible = 0;
		};
		6AB5888B1EBFA0FC00B1DBB9 /* Build configuration list for PBXNativeTarget "Tip calculatorTests" */ = {
			isa = XCConfigurationList;
			buildConfigurations = (
				6AB5888C1EBFA0FC00B1DBB9 /* Debug */,
				6AB5888D1EBFA0FC00B1DBB9 /* Release */,
			);
			defaultConfigurationIsVisible = 0;
		};
		6AB5888E1EBFA0FC00B1DBB9 /* Build configuration list for PBXNativeTarget "Tip calculatorUITests" */ = {
			isa = XCConfigurationList;
			buildConfigurations = (
				6AB5888F1EBFA0FC00B1DBB9 /* Debug */,
				6AB588901EBFA0FC00B1DBB9 /* Release */,
			);
			defaultConfigurationIsVisible = 0;
		};
/* End XCConfigurationList section */
	};
	rootObject = 6AB588581EBFA0FC00B1DBB9 /* Project object */;
}
